
Microsoft Visual Studio Solution File, Format Version 12.00
# Visual Studio 15
VisualStudioVersion = 15.0.28307.271
MinimumVisualStudioVersion = 10.0.40219.1
Project("{151D2E53-A2C4-4D7D-83FE-D05416EBD58E}") = "KeyVault", "KeyVault\KeyVault.deployproj", "{D1E9A25D-DFC0-4399-AB87-35A20E607165}"
EndProject
Global
	GlobalSection(SolutionConfigurationPlatforms) = preSolution
		Debug|Any CPU = Debug|Any CPU
		Release|Any CPU = Release|Any CPU
	EndGlobalSection
	GlobalSection(ProjectConfigurationPlatforms) = postSolution
		{D1E9A25D-DFC0-4399-AB87-35A20E607165}.Debug|Any CPU.ActiveCfg = Debug|Any CPU
		{D1E9A25D-DFC0-4399-AB87-35A20E607165}.Debug|Any CPU.Build.0 = Debug|Any CPU
		{D1E9A25D-DFC0-4399-AB87-35A20E607165}.Release|Any CPU.ActiveCfg = Release|Any CPU
		{D1E9A25D-DFC0-4399-AB87-35A20E607165}.Release|Any CPU.Build.0 = Release|Any CPU
	EndGlobalSection
	GlobalSection(SolutionProperties) = preSolution
		HideSolutionNode = FALSE
	EndGlobalSection
	GlobalSection(ExtensibilityGlobals) = postSolution
		SolutionGuid = {46BF14C8-8824-4D4C-8F87-7C6E6AD53AE0}
	EndGlobalSection
EndGlobal
